<?xml version="1.0" encoding="utf-8"?>
<Project ToolsVersion="4.0" xmlns="http://schemas.microsoft.com/developer/msbuild/2003">
  <ItemGroup>
    <Filter Include="Исходные файлы">
      <UniqueIdentifier>{4FC737F1-C7A5-4376-A066-2A32D752A2FF}</UniqueIdentifier>
      <Extensions>cpp;c;cc;cxx;def;odl;idl;hpj;bat;asm;asmx</Extensions>
    </Filter>
    <Filter Include="Файлы заголовков">
      <UniqueIdentifier>{93995380-89BD-4b04-88EB-625FBE52EBFB}</UniqueIdentifier>
      <Extensions>h;hh;hpp;hxx;hm;inl;inc;ipp;xsd</Extensions>
    </Filter>
    <Filter Include="Файлы ресурсов">
      <UniqueIdentifier>{67DA6AB6-F800-4c08-8B7A-83BB121AAD01}</UniqueIdentifier>
      <Extensions>rc;ico;cur;bmp;dlg;rc2;rct;bin;rgs;gif;jpg;jpeg;jpe;resx;tiff;tif;png;wav;mfcribbon-ms</Extensions>
    </Filter>
    <Filter Include="Файлы ресурсов\Levels">
      <UniqueIdentifier>{56edb52f-8a9e-4489-8ce9-c783f2b15be9}</UniqueIdentifier>
    </Filter>
    <Filter Include="Файлы ресурсов\NPC">
      <UniqueIdentifier>{e4c647f1-57ca-478b-a9ad-6e891c8d64c8}</UniqueIdentifier>
    </Filter>
  </ItemGroup>
  <ItemGroup>
    <ClCompile Include="Textures.cpp">
      <Filter>Исходные файлы</Filter>
    </ClCompile>
    <ClCompile Include="Floor.cpp">
      <Filter>Исходные файлы</Filter>
    </ClCompile>
    <ClCompile Include="GameObject.cpp">
      <Filter>Исходные файлы</Filter>
    </ClCompile>
    <ClCompile Include="GameTexture.cpp">
      <Filter>Исходные файлы</Filter>
    </ClCompile>
    <ClCompile Include="Window.cpp">
      <Filter>Исходные файлы</Filter>
    </ClCompile>
    <ClCompile Include="GameScene.cpp">
      <Filter>Исходные файлы</Filter>
    </ClCompile>
    <ClCompile Include="Vector2f.cpp">
      <Filter>Исходные файлы</Filter>
    </ClCompile>
    <ClCompile Include="Vector2i.cpp">
      <Filter>Исходные файлы</Filter>
    </ClCompile>
    <ClCompile Include="Main.cpp">
      <Filter>Файлы ресурсов\Levels</Filter>
    </ClCompile>
    <ClCompile Include="Player.cpp">
      <Filter>Файлы ресурсов\NPC</Filter>
    </ClCompile>
    <ClCompile Include="PhysicalFunction.cpp">
      <Filter>Исходные файлы</Filter>
    </ClCompile>
    <ClCompile Include="OneScene.cpp">
      <Filter>Файлы ресурсов\Levels</Filter>
    </ClCompile>
    <ClCompile Include="Bullet.cpp">
      <Filter>Файлы ресурсов\NPC</Filter>
    </ClCompile>
    <ClCompile Include="Gun.cpp">
      <Filter>Файлы ресурсов\NPC</Filter>
    </ClCompile>
    <ClCompile Include="Damage.cpp">
      <Filter>Файлы ресурсов\Levels</Filter>
    </ClCompile>
    <ClCompile Include="Health.cpp">
      <Filter>Файлы ресурсов\Levels</Filter>
    </ClCompile>
  </ItemGroup>
  <ItemGroup>
    <ClInclude Include="Textures.h">
      <Filter>Файлы заголовков</Filter>
    </ClInclude>
    <ClInclude Include="Floor.h">
      <Filter>Файлы заголовков</Filter>
    </ClInclude>
    <ClInclude Include="GameObject.h">
      <Filter>Файлы заголовков</Filter>
    </ClInclude>
    <ClInclude Include="GameTexture.h">
      <Filter>Файлы заголовков</Filter>
    </ClInclude>
    <ClInclude Include="Window.h">
      <Filter>Файлы заголовков</Filter>
    </ClInclude>
    <ClInclude Include="GameScene.h">
      <Filter>Файлы заголовков</Filter>
    </ClInclude>
    <ClInclude Include="Vector2f.h">
      <Filter>Файлы заголовков</Filter>
    </ClInclude>
    <ClInclude Include="Vector2i.h">
      <Filter>Файлы заголовков</Filter>
    </ClInclude>
    <ClInclude Include="Player.h">
      <Filter>Файлы ресурсов\NPC</Filter>
    </ClInclude>
    <ClInclude Include="PhysicalFunction.h">
      <Filter>Файлы заголовков</Filter>
    </ClInclude>
    <ClInclude Include="OneScene.h">
      <Filter>Файлы ресурсов\Levels</Filter>
    </ClInclude>
    <ClInclude Include="Bullet.h">
      <Filter>Файлы ресурсов\NPC</Filter>
    </ClInclude>
    <ClInclude Include="Gun.h">
      <Filter>Файлы ресурсов\NPC</Filter>
    </ClInclude>
    <ClInclude Include="Damage.h">
      <Filter>Файлы ресурсов\Levels</Filter>
    </ClInclude>
    <ClInclude Include="Health.h">
      <Filter>Файлы ресурсов\Levels</Filter>
    </ClInclude>
  </ItemGroup>
</Project>